
Microsoft Visual Studio Solution File, Format Version 12.00
# Visual Studio Version 17
VisualStudioVersion = 17.3.32929.385
MinimumVisualStudioVersion = 10.0.40219.1
Project("{FAE04EC0-301F-11D3-BF4B-00C04F79EFBC}") = "ProVed", "ProVed\ProVed.csproj", "{A9052C3E-151F-4057-AB4B-2E151E0247CA}"
EndProject
Global
	GlobalSection(SolutionConfigurationPlatforms) = preSolution
		Debug|Any CPU = Debug|Any CPU
		Release|Any CPU = Release|Any CPU
	EndGlobalSection
	GlobalSection(ProjectConfigurationPlatforms) = postSolution
		{A9052C3E-151F-4057-AB4B-2E151E0247CA}.Debug|Any CPU.ActiveCfg = Debug|Any CPU
		{A9052C3E-151F-4057-AB4B-2E151E0247CA}.Debug|Any CPU.Build.0 = Debug|Any CPU
		{A9052C3E-151F-4057-AB4B-2E151E0247CA}.Release|Any CPU.ActiveCfg = Release|Any CPU
		{A9052C3E-151F-4057-AB4B-2E151E0247CA}.Release|Any CPU.Build.0 = Release|Any CPU
	EndGlobalSection
	GlobalSection(SolutionProperties) = preSolution
		HideSolutionNode = FALSE
	EndGlobalSection
	GlobalSection(ExtensibilityGlobals) = postSolution
		SolutionGuid = {0E0B03AC-AC6B-4207-8DCD-09970B2AB457}
	EndGlobalSection
EndGlobal
